
Microsoft Visual Studio Solution File, Format Version 12.00
# Visual Studio Version 16
VisualStudioVersion = 16.0.31911.196
MinimumVisualStudioVersion = 10.0.40219.1
Project("{9A19103F-16F7-4668-BE54-9A1E7A4F7556}") = "PokemonGBTASTool", "PokemonGBTASTool.csproj", "{A55742BD-57F5-48F7-A31D-AE6B020C8364}"
EndProject
Global
	GlobalSection(SolutionConfigurationPlatforms) = preSolution
		Debug|Any CPU = Debug|Any CPU
		Release|Any CPU = Release|Any CPU
	EndGlobalSection
	GlobalSection(ProjectConfigurationPlatforms) = postSolution
		{A55742BD-57F5-48F7-A31D-AE6B020C8364}.Debug|Any CPU.ActiveCfg = Debug|Any CPU
		{A55742BD-57F5-48F7-A31D-AE6B020C8364}.Debug|Any CPU.Build.0 = Debug|Any CPU
		{A55742BD-57F5-48F7-A31D-AE6B020C8364}.Release|Any CPU.ActiveCfg = Release|Any CPU
		{A55742BD-57F5-48F7-A31D-AE6B020C8364}.Release|Any CPU.Build.0 = Release|Any CPU
	EndGlobalSection
	GlobalSection(SolutionProperties) = preSolution
		HideSolutionNode = FALSE
	EndGlobalSection
	GlobalSection(ExtensibilityGlobals) = postSolution
		SolutionGuid = {7E67F396-818E-48B3-B544-6EADE51BCBB1}
	EndGlobalSection
EndGlobal
